
Microsoft Visual Studio Solution File, Format Version 12.00
# Visual Studio Version 17
VisualStudioVersion = 17.5.33530.505
MinimumVisualStudioVersion = 10.0.40219.1
Project("{FAE04EC0-301F-11D3-BF4B-00C04F79EFBC}") = "DreamsRentBack", "DreamsRentBack\DreamsRentBack.csproj", "{0C599987-1848-4C85-923A-754B8C67E37B}"
EndProject
Global
	GlobalSection(SolutionConfigurationPlatforms) = preSolution
		Debug|Any CPU = Debug|Any CPU
		Release|Any CPU = Release|Any CPU
	EndGlobalSection
	GlobalSection(ProjectConfigurationPlatforms) = postSolution
		{0C599987-1848-4C85-923A-754B8C67E37B}.Debug|Any CPU.ActiveCfg = Debug|Any CPU
		{0C599987-1848-4C85-923A-754B8C67E37B}.Debug|Any CPU.Build.0 = Debug|Any CPU
		{0C599987-1848-4C85-923A-754B8C67E37B}.Release|Any CPU.ActiveCfg = Release|Any CPU
		{0C599987-1848-4C85-923A-754B8C67E37B}.Release|Any CPU.Build.0 = Release|Any CPU
	EndGlobalSection
	GlobalSection(SolutionProperties) = preSolution
		HideSolutionNode = FALSE
	EndGlobalSection
	GlobalSection(ExtensibilityGlobals) = postSolution
		SolutionGuid = {A1771E5C-7372-46D3-B5CE-9BBADAC513D3}
	EndGlobalSection
EndGlobal
